
Microsoft Visual Studio Solution File, Format Version 12.00
# Visual Studio Version 16
VisualStudioVersion = 16.0.30804.86
MinimumVisualStudioVersion = 10.0.40219.1
Project("{9A19103F-16F7-4668-BE54-9A1E7A4F7556}") = "GameLoanManagerAPI", "GameLoanManagerAPI\GameLoanManagerAPI.csproj", "{1C4D4BB3-38C9-484B-A2A1-4EE016D4EB6D}"
EndProject
Project("{9A19103F-16F7-4668-BE54-9A1E7A4F7556}") = "GameLoanManagerCore", "GameLoanManagerCore\GameLoanManagerCore.csproj", "{0F04667A-2054-4620-81CC-7EFF749055BE}"
EndProject
Project("{FAE04EC0-301F-11D3-BF4B-00C04F79EFBC}") = "GameLoanManagerXUnitTest", "GameLoanManagerXUnitTest\GameLoanManagerXUnitTest.csproj", "{3D417187-176C-4AEB-9F8F-A573FD959860}"
EndProject
Global
	GlobalSection(SolutionConfigurationPlatforms) = preSolution
		Debug|Any CPU = Debug|Any CPU
		Release|Any CPU = Release|Any CPU
	EndGlobalSection
	GlobalSection(ProjectConfigurationPlatforms) = postSolution
		{1C4D4BB3-38C9-484B-A2A1-4EE016D4EB6D}.Debug|Any CPU.ActiveCfg = Debug|Any CPU
		{1C4D4BB3-38C9-484B-A2A1-4EE016D4EB6D}.Debug|Any CPU.Build.0 = Debug|Any CPU
		{1C4D4BB3-38C9-484B-A2A1-4EE016D4EB6D}.Release|Any CPU.ActiveCfg = Release|Any CPU
		{1C4D4BB3-38C9-484B-A2A1-4EE016D4EB6D}.Release|Any CPU.Build.0 = Release|Any CPU
		{0F04667A-2054-4620-81CC-7EFF749055BE}.Debug|Any CPU.ActiveCfg = Debug|Any CPU
		{0F04667A-2054-4620-81CC-7EFF749055BE}.Debug|Any CPU.Build.0 = Debug|Any CPU
		{0F04667A-2054-4620-81CC-7EFF749055BE}.Release|Any CPU.ActiveCfg = Release|Any CPU
		{0F04667A-2054-4620-81CC-7EFF749055BE}.Release|Any CPU.Build.0 = Release|Any CPU
		{3D417187-176C-4AEB-9F8F-A573FD959860}.Debug|Any CPU.ActiveCfg = Debug|Any CPU
		{3D417187-176C-4AEB-9F8F-A573FD959860}.Debug|Any CPU.Build.0 = Debug|Any CPU
		{3D417187-176C-4AEB-9F8F-A573FD959860}.Release|Any CPU.ActiveCfg = Release|Any CPU
		{3D417187-176C-4AEB-9F8F-A573FD959860}.Release|Any CPU.Build.0 = Release|Any CPU
	EndGlobalSection
	GlobalSection(SolutionProperties) = preSolution
		HideSolutionNode = FALSE
	EndGlobalSection
	GlobalSection(ExtensibilityGlobals) = postSolution
		SolutionGuid = {B7113178-AC59-417B-A8FC-170D6A50FEEE}
	EndGlobalSection
EndGlobal
